# This file is generated by running "yarn install" inside your project.
# Manual changes might be lost - proceed with caution!

__metadata:
  version: 6
  cacheKey: 8

"@sec-ant/readable-stream@npm:^0.4.1":
  version: 0.4.1
  resolution: "@sec-ant/readable-stream@npm:0.4.1"
  checksum: eb56f72a70995f725269f1c1c206d6dbeb090e88413b1302a456c600041175a7a484c2f0172454f7bed65a8ab95ffed7647d8ad03e6c23b1e3bbc9845f78cd17
  languageName: node
  linkType: hard

"@sindresorhus/merge-streams@npm:^4.0.0":
  version: 4.0.0
  resolution: "@sindresorhus/merge-streams@npm:4.0.0"
  checksum: 5759d31dfd822999bbe3ddcf72d4b15dc3d99ea51dd5b3210888f3348234eaff0f44bc999bef6b3c328daeb34e862a63b2c4abe5590acec541f93bc6fa016c9d
  languageName: node
  linkType: hard

"ansi-colors@npm:^4.1.1":
  version: 4.1.1
  resolution: "ansi-colors@npm:4.1.1"
  checksum: 138d04a51076cb085da0a7e2d000c5c0bb09f6e772ed5c65c53cb118d37f6c5f1637506d7155fb5f330f0abcf6f12fa2e489ac3f8cdab9da393bf1bb4f9a32b0
  languageName: node
  linkType: hard

"chalk@npm:5.3.0":
  version: 5.3.0
  resolution: "chalk@npm:5.3.0"
  checksum: 623922e077b7d1e9dedaea6f8b9e9352921f8ae3afe739132e0e00c275971bdd331268183b2628cf4ab1727c45ea1f28d7e24ac23ce1db1eb653c414ca8a5a80
  languageName: node
  linkType: hard

"cross-spawn@npm:^7.0.6":
  version: 7.0.6
  resolution: "cross-spawn@npm:7.0.6"
  dependencies:
    path-key: ^3.1.0
    shebang-command: ^2.0.0
    which: ^2.0.1
  checksum: 8d306efacaf6f3f60e0224c287664093fa9185680b2d195852ba9a863f85d02dcc737094c6e512175f8ee0161f9b87c73c6826034c2422e39de7d6569cf4503b
  languageName: node
  linkType: hard

"enquirer@npm:2.3.6":
  version: 2.3.6
  resolution: "enquirer@npm:2.3.6"
  dependencies:
    ansi-colors: ^4.1.1
  checksum: 1c0911e14a6f8d26721c91e01db06092a5f7675159f0261d69c403396a385afd13dd76825e7678f66daffa930cfaa8d45f506fb35f818a2788463d022af1b884
  languageName: node
  linkType: hard

"execa@npm:9.6.0":
  version: 9.6.0
  resolution: "execa@npm:9.6.0"
  dependencies:
    "@sindresorhus/merge-streams": ^4.0.0
    cross-spawn: ^7.0.6
    figures: ^6.1.0
    get-stream: ^9.0.0
    human-signals: ^8.0.1
    is-plain-obj: ^4.1.0
    is-stream: ^4.0.1
    npm-run-path: ^6.0.0
    pretty-ms: ^9.2.0
    signal-exit: ^4.1.0
    strip-final-newline: ^4.0.0
    yoctocolors: ^2.1.1
  checksum: 4b63d7c4317a41ad16201f7c74d963c4060b2affaac32ea69498e26c758df0d8447891a2bc4a185e9ee7aad82cff8684a8b0420ed3addaa25a1c65663a97335d
  languageName: node
  linkType: hard

"figures@npm:^6.1.0":
  version: 6.1.0
  resolution: "figures@npm:6.1.0"
  dependencies:
    is-unicode-supported: ^2.0.0
  checksum: 35c81239d4fa40b75c2c7c010833b0bc8861c27187e4c9388fca1d9731103ec9989b70ee3b664ef426ddd9abe02ec5f4fd973424aa8c6fd3ea5d3bf57a2d01b4
  languageName: node
  linkType: hard

"get-stream@npm:^9.0.0":
  version: 9.0.1
  resolution: "get-stream@npm:9.0.1"
  dependencies:
    "@sec-ant/readable-stream": ^0.4.1
    is-stream: ^4.0.1
  checksum: 631df71d7bd60a7f373094d3c352e2ce412b82d30b1b0ec562e5a4aced976173a4cc0dabef019050e1aceaffb1f0e086349ab3d14377b0b7280510bd75bd3e1e
  languageName: node
  linkType: hard

"human-signals@npm:^8.0.1":
  version: 8.0.1
  resolution: "human-signals@npm:8.0.1"
  checksum: 0065305f01ccbf3adb6f4240c8a5d8b5c0f516eb074dc862409f9e1058531c29768be154fcfaff919ac110b47cfb3628e62de10dc8c8ffb61daecb4f53e01137
  languageName: node
  linkType: hard

"is-plain-obj@npm:^4.1.0":
  version: 4.1.0
  resolution: "is-plain-obj@npm:4.1.0"
  checksum: 6dc45da70d04a81f35c9310971e78a6a3c7a63547ef782e3a07ee3674695081b6ca4e977fbb8efc48dae3375e0b34558d2bcd722aec9bddfa2d7db5b041be8ce
  languageName: node
  linkType: hard

"is-stream@npm:^4.0.1":
  version: 4.0.1
  resolution: "is-stream@npm:4.0.1"
  checksum: cbea3f1fc271b21ceb228819d0c12a0965a02b57f39423925f99530b4eb86935235f258f06310b67cd02b2d10b49e9a0998f5ececf110ab7d3760bae4055ad23
  languageName: node
  linkType: hard

"is-unicode-supported@npm:^2.0.0":
  version: 2.1.0
  resolution: "is-unicode-supported@npm:2.1.0"
  checksum: f254e3da6b0ab1a57a94f7273a7798dd35d1d45b227759f600d0fa9d5649f9c07fa8d3c8a6360b0e376adf916d151ec24fc9a50c5295c58bae7ca54a76a063f9
  languageName: node
  linkType: hard

"isexe@npm:^2.0.0":
  version: 2.0.0
  resolution: "isexe@npm:2.0.0"
  checksum: 26bf6c5480dda5161c820c5b5c751ae1e766c587b1f951ea3fcfc973bafb7831ae5b54a31a69bd670220e42e99ec154475025a468eae58ea262f813fdc8d1c62
  languageName: node
  linkType: hard

"lru-cache@npm:^6.0.0":
  version: 6.0.0
  resolution: "lru-cache@npm:6.0.0"
  dependencies:
    yallist: ^4.0.0
  checksum: f97f499f898f23e4585742138a22f22526254fdba6d75d41a1c2526b3b6cc5747ef59c5612ba7375f42aca4f8461950e925ba08c991ead0651b4918b7c978297
  languageName: node
  linkType: hard

"npm-run-path@npm:^6.0.0":
  version: 6.0.0
  resolution: "npm-run-path@npm:6.0.0"
  dependencies:
    path-key: ^4.0.0
    unicorn-magic: ^0.3.0
  checksum: 1a1b50aba6e6af7fd34a860ba2e252e245c4a59b316571a990356417c0cdf0414cabf735f7f52d9c330899cb56f0ab804a8e21fb12a66d53d7843e39ada4a3b6
  languageName: node
  linkType: hard

"outdent@npm:0.8.0":
  version: 0.8.0
  resolution: "outdent@npm:0.8.0"
  checksum: 72b7c1a287674317ea477999ec24e73a9eda21de35eb9429218f4a5bab899e964afaee7508265898118fee5cbee1d79397916b66dd8aeee285cd948ea5b1f562
  languageName: node
  linkType: hard

"parse-ms@npm:^4.0.0":
  version: 4.0.0
  resolution: "parse-ms@npm:4.0.0"
  checksum: 673c801d9f957ff79962d71ed5a24850163f4181a90dd30c4e3666b3a804f53b77f1f0556792e8b2adbb5d58757907d1aa51d7d7dc75997c2a56d72937cbc8b7
  languageName: node
  linkType: hard

"path-key@npm:^3.1.0":
  version: 3.1.1
  resolution: "path-key@npm:3.1.1"
  checksum: 55cd7a9dd4b343412a8386a743f9c746ef196e57c823d90ca3ab917f90ab9f13dd0ded27252ba49dbdfcab2b091d998bc446f6220cd3cea65db407502a740020
  languageName: node
  linkType: hard

"path-key@npm:^4.0.0":
  version: 4.0.0
  resolution: "path-key@npm:4.0.0"
  checksum: 8e6c314ae6d16b83e93032c61020129f6f4484590a777eed709c4a01b50e498822b00f76ceaf94bc64dbd90b327df56ceadce27da3d83393790f1219e07721d7
  languageName: node
  linkType: hard

"pretty-ms@npm:^9.2.0":
  version: 9.2.0
  resolution: "pretty-ms@npm:9.2.0"
  dependencies:
    parse-ms: ^4.0.0
  checksum: d3a5a5b1c8a3417f64a877dba5ee2bacee404b59bc12083466e5e6dce2745e4bd716e1f9860624c7dceb1b4a532e808e4f2a7a03903a132344b3818951e2d125
  languageName: node
  linkType: hard

"root-workspace-0b6124@workspace:.":
  version: 0.0.0-use.local
  resolution: "root-workspace-0b6124@workspace:."
  dependencies:
    chalk: 5.3.0
    enquirer: 2.3.6
    execa: 9.6.0
    outdent: 0.8.0
    semver: 7.5.4
  languageName: unknown
  linkType: soft

"semver@npm:7.5.4":
  version: 7.5.4
  resolution: "semver@npm:7.5.4"
  dependencies:
    lru-cache: ^6.0.0
  bin:
    semver: bin/semver.js
  checksum: 12d8ad952fa353b0995bf180cdac205a4068b759a140e5d3c608317098b3575ac2f1e09182206bf2eb26120e1c0ed8fb92c48c592f6099680de56bb071423ca3
  languageName: node
  linkType: hard

"shebang-command@npm:^2.0.0":
  version: 2.0.0
  resolution: "shebang-command@npm:2.0.0"
  dependencies:
    shebang-regex: ^3.0.0
  checksum: 6b52fe87271c12968f6a054e60f6bde5f0f3d2db483a1e5c3e12d657c488a15474121a1d55cd958f6df026a54374ec38a4a963988c213b7570e1d51575cea7fa
  languageName: node
  linkType: hard

"shebang-regex@npm:^3.0.0":
  version: 3.0.0
  resolution: "shebang-regex@npm:3.0.0"
  checksum: 1a2bcae50de99034fcd92ad4212d8e01eedf52c7ec7830eedcf886622804fe36884278f2be8be0ea5fde3fd1c23911643a4e0f726c8685b61871c8908af01222
  languageName: node
  linkType: hard

"signal-exit@npm:^4.1.0":
  version: 4.1.0
  resolution: "signal-exit@npm:4.1.0"
  checksum: 64c757b498cb8629ffa5f75485340594d2f8189e9b08700e69199069c8e3070fb3e255f7ab873c05dc0b3cec412aea7402e10a5990cb6a050bd33ba062a6c549
  languageName: node
  linkType: hard

"strip-final-newline@npm:^4.0.0":
  version: 4.0.0
  resolution: "strip-final-newline@npm:4.0.0"
  checksum: b5fe48f695d74863153a3b3155220e6e9bf51f4447832998c8edec38e6559b3af87a9fe5ac0df95570a78a26f5fa91701358842eab3c15480e27980b154a145f
  languageName: node
  linkType: hard

"unicorn-magic@npm:^0.3.0":
  version: 0.3.0
  resolution: "unicorn-magic@npm:0.3.0"
  checksum: bdd7d7c522f9456f32a0b77af23f8854f9a7db846088c3868ec213f9550683ab6a2bdf3803577eacbafddb4e06900974385841ccb75338d17346ccef45f9cb01
  languageName: node
  linkType: hard

"which@npm:^2.0.1":
  version: 2.0.2
  resolution: "which@npm:2.0.2"
  dependencies:
    isexe: ^2.0.0
  bin:
    node-which: ./bin/node-which
  checksum: 1a5c563d3c1b52d5f893c8b61afe11abc3bab4afac492e8da5bde69d550de701cf9806235f20a47b5c8fa8a1d6a9135841de2596535e998027a54589000e66d1
  languageName: node
  linkType: hard

"yallist@npm:^4.0.0":
  version: 4.0.0
  resolution: "yallist@npm:4.0.0"
  checksum: 343617202af32df2a15a3be36a5a8c0c8545208f3d3dfbc6bb7c3e3b7e8c6f8e7485432e4f3b88da3031a6e20afa7c711eded32ddfb122896ac5d914e75848d5
  languageName: node
  linkType: hard

"yoctocolors@npm:^2.1.1":
  version: 2.1.1
  resolution: "yoctocolors@npm:2.1.1"
  checksum: 563fbec88bce9716d1044bc98c96c329e1d7a7c503e6f1af68f1ff914adc3ba55ce953c871395e2efecad329f85f1632f51a99c362032940321ff80c42a6f74d
  languageName: node
  linkType: hard
