# This file is generated by running "yarn install" inside your project.
# Manual changes might be lost - proceed with caution!

__metadata:
  version: 8
  cacheKey: 10c0

"@jridgewell/gen-mapping@npm:^0.3.5":
  version: 0.3.12
  resolution: "@jridgewell/gen-mapping@npm:0.3.12"
  dependencies:
    "@jridgewell/sourcemap-codec": "npm:^1.5.0"
    "@jridgewell/trace-mapping": "npm:^0.3.24"
  checksum: 8/56ee1631945084897f274e65348afbaca7970ce92e3c23b3a23b2fe5d0d2f0c67614f0df0f2bb070e585e944bbaaf0c11cee3a36318ab8a36af46f2fd566bc40
  languageName: node
  linkType: hard

"@jridgewell/resolve-uri@npm:^3.1.0":
  version: 3.1.2
  resolution: "@jridgewell/resolve-uri@npm:3.1.2"
  checksum: 8/83b85f72c59d1c080b4cbec0fef84528963a1b5db34e4370fa4bd1e3ff64a0d80e0cee7369d11d73c704e0286fb2865b530acac7a871088fbe92b5edf1000870
  languageName: node
  linkType: hard

"@jridgewell/source-map@npm:^0.3.3":
  version: 0.3.10
  resolution: "@jridgewell/source-map@npm:0.3.10"
  dependencies:
    "@jridgewell/gen-mapping": "npm:^0.3.5"
    "@jridgewell/trace-mapping": "npm:^0.3.25"
  checksum: 8/035d6e6df0e60744506b14033f1569fd5ddc269abeb68bf50c2911118e2a4fa50dab474d49a59a993e4ee6795c4ae5940381e0d09fc204972c5387788d22d010
  languageName: node
  linkType: hard

"@jridgewell/sourcemap-codec@npm:^1.4.14, @jridgewell/sourcemap-codec@npm:^1.5.0":
  version: 1.5.4
  resolution: "@jridgewell/sourcemap-codec@npm:1.5.4"
  checksum: 8/959093724bfbc7c1c9aadc08066154f5c1f2acc647b45bd59beec46922cbfc6a9eda4a2114656de5bc00bb3600e420ea9a4cb05e68dcf388619f573b77bd9f0c
  languageName: node
  linkType: hard

"@jridgewell/trace-mapping@npm:^0.3.24, @jridgewell/trace-mapping@npm:^0.3.25":
  version: 0.3.29
  resolution: "@jridgewell/trace-mapping@npm:0.3.29"
  dependencies:
    "@jridgewell/resolve-uri": "npm:^3.1.0"
    "@jridgewell/sourcemap-codec": "npm:^1.4.14"
  checksum: 8/5e92eeafa5131a4f6b7122063833d657f885cb581c812da54f705d7a599ff36a75a4a093a83b0f6c7e95642f5772dd94753f696915e8afea082237abf7423ca3
  languageName: node
  linkType: hard

"@prettier/bundle-test@workspace:.":
  version: 0.0.0-use.local
  resolution: "@prettier/bundle-test@workspace:."
  dependencies:
    webpack: "npm:5.101.3"
  languageName: unknown
  linkType: soft

"@types/eslint-scope@npm:^3.7.7":
  version: 3.7.7
  resolution: "@types/eslint-scope@npm:3.7.7"
  dependencies:
    "@types/eslint": "npm:*"
    "@types/estree": "npm:*"
  checksum: 8/e2889a124aaab0b89af1bab5959847c5bec09809209255de0e63b9f54c629a94781daa04adb66bffcdd742f5e25a17614fb933965093c0eea64aacda4309380e
  languageName: node
  linkType: hard

"@types/eslint@npm:*":
  version: 8.4.5
  resolution: "@types/eslint@npm:8.4.5"
  dependencies:
    "@types/estree": "npm:*"
    "@types/json-schema": "npm:*"
  checksum: 8/428b0c971a50adb0d08621e76f21b284580a0052a31341a0e6d553f72b54cd0142d549aa1497c7e3bc56e9f6bcc27286e66e0216e1ba76d1a5ecd2279c40bc8c
  languageName: node
  linkType: hard

"@types/estree@npm:*, @types/estree@npm:^1.0.8":
  version: 1.0.8
  resolution: "@types/estree@npm:1.0.8"
  checksum: 8/bd93e2e415b6f182ec4da1074e1f36c480f1d26add3e696d54fb30c09bc470897e41361c8fd957bf0985024f8fbf1e6e2aff977d79352ef7eb93a5c6dcff6c11
  languageName: node
  linkType: hard

"@types/json-schema@npm:*, @types/json-schema@npm:^7.0.15, @types/json-schema@npm:^7.0.9":
  version: 7.0.15
  resolution: "@types/json-schema@npm:7.0.15"
  checksum: 8/97ed0cb44d4070aecea772b7b2e2ed971e10c81ec87dd4ecc160322ffa55ff330dace1793489540e3e318d90942064bb697cc0f8989391797792d919737b3b98
  languageName: node
  linkType: hard

"@types/node@npm:*":
  version: 18.0.6
  resolution: "@types/node@npm:18.0.6"
  checksum: 8/780f8885a6b6eb12f4c0246617747fdc37a451931b3c01ce8148d356c0903b705dcb16cc6a914de63d48b0dc1b002c7a3dfae681f580e1761aa551d3cd996813
  languageName: node
  linkType: hard

"@webassemblyjs/ast@npm:1.14.1, @webassemblyjs/ast@npm:^1.14.1":
  version: 1.14.1
  resolution: "@webassemblyjs/ast@npm:1.14.1"
  dependencies:
    "@webassemblyjs/helper-numbers": "npm:1.13.2"
    "@webassemblyjs/helper-wasm-bytecode": "npm:1.13.2"
  checksum: 8/f9154ad9ea14f6f2374ebe918c221fd69a4d4514126a1acc6fa4966e8d27ab28cb550a5e6880032cf620e19640578658a7e5a55bd2aad1e3db4e9d598b8f2099
  languageName: node
  linkType: hard

"@webassemblyjs/floating-point-hex-parser@npm:1.13.2":
  version: 1.13.2
  resolution: "@webassemblyjs/floating-point-hex-parser@npm:1.13.2"
  checksum: 8/e866ec8433f4a70baa511df5e8f2ebcd6c24f4e2cc6274c7c5aabe2bcce3459ea4680e0f35d450e1f3602acf3913b6b8e4f15069c8cfd34ae8609fb9a7d01795
  languageName: node
  linkType: hard

"@webassemblyjs/helper-api-error@npm:1.13.2":
  version: 1.13.2
  resolution: "@webassemblyjs/helper-api-error@npm:1.13.2"
  checksum: 8/48b5df7fd3095bb252f59a139fe2cbd999a62ac9b488123e9a0da3906ad8a2f2da7b2eb21d328c01a90da987380928706395c2897d1f3ed9e2125b6d75a920d0
  languageName: node
  linkType: hard

"@webassemblyjs/helper-buffer@npm:1.14.1":
  version: 1.14.1
  resolution: "@webassemblyjs/helper-buffer@npm:1.14.1"
  checksum: 8/b611e981dfd6a797c3d8fc3a772de29a6e55033737c2c09c31bb66c613bdbb2d25f915df1dee62a602c6acc057ca71128432fa8c3e22a893e1219dc454f14ede
  languageName: node
  linkType: hard

"@webassemblyjs/helper-numbers@npm:1.13.2":
  version: 1.13.2
  resolution: "@webassemblyjs/helper-numbers@npm:1.13.2"
  dependencies:
    "@webassemblyjs/floating-point-hex-parser": "npm:1.13.2"
    "@webassemblyjs/helper-api-error": "npm:1.13.2"
    "@xtuc/long": "npm:4.2.2"
  checksum: 8/49e2c9bf9b66997e480f6b44d80f895b3cde4de52ac135921d28e144565edca6903a519f627f4089b5509de1d7f9e5023f0e1a94ff78a36c9e2eb30e7c18ffd2
  languageName: node
  linkType: hard

"@webassemblyjs/helper-wasm-bytecode@npm:1.13.2":
  version: 1.13.2
  resolution: "@webassemblyjs/helper-wasm-bytecode@npm:1.13.2"
  checksum: 8/8e059e1c1f0294f4fc3df8e4eaff3c5ef6e2e1358f34ebc118eaf5070ed59e56ed7fc92b28be734ebde17c8d662d5d27e06ade686c282445135da083ae11c128
  languageName: node
  linkType: hard

"@webassemblyjs/helper-wasm-section@npm:1.14.1":
  version: 1.14.1
  resolution: "@webassemblyjs/helper-wasm-section@npm:1.14.1"
  dependencies:
    "@webassemblyjs/ast": "npm:1.14.1"
    "@webassemblyjs/helper-buffer": "npm:1.14.1"
    "@webassemblyjs/helper-wasm-bytecode": "npm:1.13.2"
    "@webassemblyjs/wasm-gen": "npm:1.14.1"
  checksum: 8/0a08d454a63192cd66abf91b6f060ac4b466cef341262246e9dcc828dd4c8536195dea9b46a1244b1eac65b59b8b502164a771a190052a92ff0a0a2ded0f8f53
  languageName: node
  linkType: hard

"@webassemblyjs/ieee754@npm:1.13.2":
  version: 1.13.2
  resolution: "@webassemblyjs/ieee754@npm:1.13.2"
  dependencies:
    "@xtuc/ieee754": "npm:^1.2.0"
  checksum: 8/d7e3520baa37a7309fa7db4d73d69fb869878853b1ebd4b168821bd03fcc4c0e1669c06231315b0039035d9a7a462e53de3ad982da4a426a4b0743b5888e8673
  languageName: node
  linkType: hard

"@webassemblyjs/leb128@npm:1.13.2":
  version: 1.13.2
  resolution: "@webassemblyjs/leb128@npm:1.13.2"
  dependencies:
    "@xtuc/long": "npm:4.2.2"
  checksum: 8/64083507f7cff477a6d71a9e325d95665cea78ec8df99ca7c050e1cfbe300fbcf0842ca3dcf3b4fa55028350135588a4f879398d3dd2b6a8de9913ce7faf5333
  languageName: node
  linkType: hard

"@webassemblyjs/utf8@npm:1.13.2":
  version: 1.13.2
  resolution: "@webassemblyjs/utf8@npm:1.13.2"
  checksum: 8/95ec6052f30eefa8d50c9b2a3394d08b17d53a4aa52821451d41d774c126fa8f39b988fbf5bff56da86852a87c16d676e576775a4071e5e5ccf020cc85a4b281
  languageName: node
  linkType: hard

"@webassemblyjs/wasm-edit@npm:^1.14.1":
  version: 1.14.1
  resolution: "@webassemblyjs/wasm-edit@npm:1.14.1"
  dependencies:
    "@webassemblyjs/ast": "npm:1.14.1"
    "@webassemblyjs/helper-buffer": "npm:1.14.1"
    "@webassemblyjs/helper-wasm-bytecode": "npm:1.13.2"
    "@webassemblyjs/helper-wasm-section": "npm:1.14.1"
    "@webassemblyjs/wasm-gen": "npm:1.14.1"
    "@webassemblyjs/wasm-opt": "npm:1.14.1"
    "@webassemblyjs/wasm-parser": "npm:1.14.1"
    "@webassemblyjs/wast-printer": "npm:1.14.1"
  checksum: 8/9341c3146bb1b7863f03d6050c2a66990f20384ca137388047bbe1feffacb599e94fca7b7c18287d17e2449ffb4005fdc7f41f674a6975af9ad8522756f8ffff
  languageName: node
  linkType: hard

"@webassemblyjs/wasm-gen@npm:1.14.1":
  version: 1.14.1
  resolution: "@webassemblyjs/wasm-gen@npm:1.14.1"
  dependencies:
    "@webassemblyjs/ast": "npm:1.14.1"
    "@webassemblyjs/helper-wasm-bytecode": "npm:1.13.2"
    "@webassemblyjs/ieee754": "npm:1.13.2"
    "@webassemblyjs/leb128": "npm:1.13.2"
    "@webassemblyjs/utf8": "npm:1.13.2"
  checksum: 8/401b12bec7431c4fc29d9414bbe40d3c6dc5be04d25a116657c42329f5481f0129f3b5834c293f26f0e42681ceac9157bf078ce9bdb6a7f78037c650373f98b2
  languageName: node
  linkType: hard

"@webassemblyjs/wasm-opt@npm:1.14.1":
  version: 1.14.1
  resolution: "@webassemblyjs/wasm-opt@npm:1.14.1"
  dependencies:
    "@webassemblyjs/ast": "npm:1.14.1"
    "@webassemblyjs/helper-buffer": "npm:1.14.1"
    "@webassemblyjs/wasm-gen": "npm:1.14.1"
    "@webassemblyjs/wasm-parser": "npm:1.14.1"
  checksum: 8/60c697a9e9129d8d23573856df0791ba33cea4a3bc2339044cae73128c0983802e5e50a42157b990eeafe1237eb8e7653db6de5f02b54a0ae7b81b02dcdf2ae9
  languageName: node
  linkType: hard

"@webassemblyjs/wasm-parser@npm:1.14.1, @webassemblyjs/wasm-parser@npm:^1.14.1":
  version: 1.14.1
  resolution: "@webassemblyjs/wasm-parser@npm:1.14.1"
  dependencies:
    "@webassemblyjs/ast": "npm:1.14.1"
    "@webassemblyjs/helper-api-error": "npm:1.13.2"
    "@webassemblyjs/helper-wasm-bytecode": "npm:1.13.2"
    "@webassemblyjs/ieee754": "npm:1.13.2"
    "@webassemblyjs/leb128": "npm:1.13.2"
    "@webassemblyjs/utf8": "npm:1.13.2"
  checksum: 8/93f1fe2676da465b4e824419d9812a3d7218de4c3addd4e916c04bc86055fa134416c1b67e4b7cbde8d728c0dce2721d06cc0bfe7a7db7c093a0898009937405
  languageName: node
  linkType: hard

"@webassemblyjs/wast-printer@npm:1.14.1":
  version: 1.14.1
  resolution: "@webassemblyjs/wast-printer@npm:1.14.1"
  dependencies:
    "@webassemblyjs/ast": "npm:1.14.1"
    "@xtuc/long": "npm:4.2.2"
  checksum: 8/517881a0554debe6945de719d100b2d8883a2d24ddf47552cdeda866341e2bb153cd824a864bc7e2a61190a4b66b18f9899907e0074e9e820d2912ac0789ea60
  languageName: node
  linkType: hard

"@xtuc/ieee754@npm:^1.2.0":
  version: 1.2.0
  resolution: "@xtuc/ieee754@npm:1.2.0"
  checksum: 8/ac56d4ca6e17790f1b1677f978c0c6808b1900a5b138885d3da21732f62e30e8f0d9120fcf8f6edfff5100ca902b46f8dd7c1e3f903728634523981e80e2885a
  languageName: node
  linkType: hard

"@xtuc/long@npm:4.2.2":
  version: 4.2.2
  resolution: "@xtuc/long@npm:4.2.2"
  checksum: 8/8ed0d477ce3bc9c6fe2bf6a6a2cc316bb9c4127c5a7827bae947fa8ec34c7092395c5a283cc300c05b5fa01cbbfa1f938f410a7bf75db7c7846fea41949989ec
  languageName: node
  linkType: hard

"acorn-import-phases@npm:^1.0.3":
  version: 1.0.3
  resolution: "acorn-import-phases@npm:1.0.3"
  peerDependencies:
    acorn: ^8.14.0
  checksum: 8/74a1b9068e3d09bf73749d02635ad2cea8b0e01d75dcba41033877a3cd7c03b6e73314362c12df50c4a2431a74354a5ea1de0ded417f59d64f74c33aa1bb0dd4
  languageName: node
  linkType: hard

"acorn@npm:^8.14.0, acorn@npm:^8.15.0":
  version: 8.15.0
  resolution: "acorn@npm:8.15.0"
  bin:
    acorn: bin/acorn
  checksum: 8/309c6b49aedf1a2e34aaf266de06de04aab6eb097c02375c66fdeb0f64556a6a823540409914fb364d9a11bc30d79d485a2eba29af47992d3490e9886c4391c3
  languageName: node
  linkType: hard

"ajv-formats@npm:^2.1.1":
  version: 2.1.1
  resolution: "ajv-formats@npm:2.1.1"
  dependencies:
    ajv: "npm:^8.0.0"
  peerDependencies:
    ajv: ^8.0.0
  peerDependenciesMeta:
    ajv:
      optional: true
  checksum: 8/4a287d937f1ebaad4683249a4c40c0fa3beed30d9ddc0adba04859026a622da0d317851316ea64b3680dc60f5c3c708105ddd5d5db8fe595d9d0207fd19f90b7
  languageName: node
  linkType: hard

"ajv-keywords@npm:^5.1.0":
  version: 5.1.0
  resolution: "ajv-keywords@npm:5.1.0"
  dependencies:
    fast-deep-equal: "npm:^3.1.3"
  peerDependencies:
    ajv: ^8.8.2
  checksum: 8/c35193940b853119242c6757787f09ecf89a2c19bcd36d03ed1a615e710d19d450cb448bfda407b939aba54b002368c8bff30529cc50a0536a8e10bcce300421
  languageName: node
  linkType: hard

"ajv@npm:^8.0.0, ajv@npm:^8.9.0":
  version: 8.17.1
  resolution: "ajv@npm:8.17.1"
  dependencies:
    fast-deep-equal: "npm:^3.1.3"
    fast-uri: "npm:^3.0.1"
    json-schema-traverse: "npm:^1.0.0"
    require-from-string: "npm:^2.0.2"
  checksum: 8/1797bf242cfffbaf3b870d13565bd1716b73f214bb7ada9a497063aada210200da36e3ed40237285f3255acc4feeae91b1fb183625331bad27da95973f7253d9
  languageName: node
  linkType: hard

"browserslist@npm:^4.24.0":
  version: 4.25.1
  resolution: "browserslist@npm:4.25.1"
  dependencies:
    caniuse-lite: "npm:^1.0.30001726"
    electron-to-chromium: "npm:^1.5.173"
    node-releases: "npm:^2.0.19"
    update-browserslist-db: "npm:^1.1.3"
  bin:
    browserslist: cli.js
  checksum: 8/2a7e4317e809b09a436456221a1fcb8ccbd101bada187ed217f7a07a9e42ced822c7c86a0a4333d7d1b4e6e0c859d201732ffff1585d6bcacd8d226f6ddce7e3
  languageName: node
  linkType: hard

"buffer-from@npm:^1.0.0":
  version: 1.1.2
  resolution: "buffer-from@npm:1.1.2"
  checksum: 8/0448524a562b37d4d7ed9efd91685a5b77a50672c556ea254ac9a6d30e3403a517d8981f10e565db24e8339413b43c97ca2951f10e399c6125a0d8911f5679bb
  languageName: node
  linkType: hard

"caniuse-lite@npm:^1.0.30001726":
  version: 1.0.30001727
  resolution: "caniuse-lite@npm:1.0.30001727"
  checksum: 8/2bc6112f242701198a99c17713d4409be9b404d09005f34f351ec29a4ea46c054e7aa4982bc16f06b81b7a375cbc61c937e89650170cbce84db772a376ed3963
  languageName: node
  linkType: hard

"chrome-trace-event@npm:^1.0.2":
  version: 1.0.3
  resolution: "chrome-trace-event@npm:1.0.3"
  checksum: 8/cb8b1fc7e881aaef973bd0c4a43cd353c2ad8323fb471a041e64f7c2dd849cde4aad15f8b753331a32dda45c973f032c8a03b8177fc85d60eaa75e91e08bfb97
  languageName: node
  linkType: hard

"commander@npm:^2.20.0":
  version: 2.20.3
  resolution: "commander@npm:2.20.3"
  checksum: 8/ab8c07884e42c3a8dbc5dd9592c606176c7eb5c1ca5ff274bcf907039b2c41de3626f684ea75ccf4d361ba004bbaff1f577d5384c155f3871e456bdf27becf9e
  languageName: node
  linkType: hard

"electron-to-chromium@npm:^1.5.173":
  version: 1.5.182
  resolution: "electron-to-chromium@npm:1.5.182"
  checksum: 8/7c698db2733aea35cc76b3914af73ee46e4fe47009100a58e18313fca0b1179ddda3c37166354895765a918a2984cec2e18d4652c2f7b51dd76268ca84b718d3
  languageName: node
  linkType: hard

"enhanced-resolve@npm:^5.17.3":
  version: 5.18.3
  resolution: "enhanced-resolve@npm:5.18.3"
  dependencies:
    graceful-fs: "npm:^4.2.4"
    tapable: "npm:^2.2.0"
  checksum: 10c0/d413c23c2d494e4c1c9c9ac7d60b812083dc6d446699ed495e69c920988af0a3c66bf3f8d0e7a45cb1686c2d4c1df9f4e7352d973f5b56fe63d8d711dd0ccc54
  languageName: node
  linkType: hard

"es-module-lexer@npm:^1.2.1":
  version: 1.2.1
  resolution: "es-module-lexer@npm:1.2.1"
  checksum: 8/c4145b853e1491eaa5d591e4580926d242978c38071ad3d09165c3b6d50314cc0ae3bf6e1dec81a9e53768b9299df2063d2e4a67d7742a5029ddeae6c4fc26f0
  languageName: node
  linkType: hard

"escalade@npm:^3.2.0":
  version: 3.2.0
  resolution: "escalade@npm:3.2.0"
  checksum: 8/47b029c83de01b0d17ad99ed766347b974b0d628e848de404018f3abee728e987da0d2d370ad4574aa3d5b5bfc368754fd085d69a30f8e75903486ec4b5b709e
  languageName: node
  linkType: hard

"eslint-scope@npm:5.1.1":
  version: 5.1.1
  resolution: "eslint-scope@npm:5.1.1"
  dependencies:
    esrecurse: "npm:^4.3.0"
    estraverse: "npm:^4.1.1"
  checksum: 8/47e4b6a3f0cc29c7feedee6c67b225a2da7e155802c6ea13bbef4ac6b9e10c66cd2dcb987867ef176292bf4e64eccc680a49e35e9e9c669f4a02bac17e86abdb
  languageName: node
  linkType: hard

"esrecurse@npm:^4.3.0":
  version: 4.3.0
  resolution: "esrecurse@npm:4.3.0"
  dependencies:
    estraverse: "npm:^5.2.0"
  checksum: 8/ebc17b1a33c51cef46fdc28b958994b1dc43cd2e86237515cbc3b4e5d2be6a811b2315d0a1a4d9d340b6d2308b15322f5c8291059521cc5f4802f65e7ec32837
  languageName: node
  linkType: hard

"estraverse@npm:^4.1.1":
  version: 4.3.0
  resolution: "estraverse@npm:4.3.0"
  checksum: 8/a6299491f9940bb246124a8d44b7b7a413a8336f5436f9837aaa9330209bd9ee8af7e91a654a3545aee9c54b3308e78ee360cef1d777d37cfef77d2fa33b5827
  languageName: node
  linkType: hard

"estraverse@npm:^5.2.0":
  version: 5.3.0
  resolution: "estraverse@npm:5.3.0"
  checksum: 8/072780882dc8416ad144f8fe199628d2b3e7bbc9989d9ed43795d2c90309a2047e6bc5979d7e2322a341163d22cfad9e21f4110597fe487519697389497e4e2b
  languageName: node
  linkType: hard

"events@npm:^3.2.0":
  version: 3.3.0
  resolution: "events@npm:3.3.0"
  checksum: 8/f6f487ad2198aa41d878fa31452f1a3c00958f46e9019286ff4787c84aac329332ab45c9cdc8c445928fc6d7ded294b9e005a7fce9426488518017831b272780
  languageName: node
  linkType: hard

"fast-deep-equal@npm:^3.1.3":
  version: 3.1.3
  resolution: "fast-deep-equal@npm:3.1.3"
  checksum: 8/e21a9d8d84f53493b6aa15efc9cfd53dd5b714a1f23f67fb5dc8f574af80df889b3bce25dc081887c6d25457cce704e636395333abad896ccdec03abaf1f3f9d
  languageName: node
  linkType: hard

"fast-uri@npm:^3.0.1":
  version: 3.0.6
  resolution: "fast-uri@npm:3.0.6"
  checksum: 8/7161ba2a7944778d679ba8e5f00d6a2bb479a2142df0982f541d67be6c979b17808f7edbb0ce78161c85035974bde3fa52b5137df31da46c0828cb629ba67c4e
  languageName: node
  linkType: hard

"glob-to-regexp@npm:^0.4.1":
  version: 0.4.1
  resolution: "glob-to-regexp@npm:0.4.1"
  checksum: 8/e795f4e8f06d2a15e86f76e4d92751cf8bbfcf0157cea5c2f0f35678a8195a750b34096b1256e436f0cebc1883b5ff0888c47348443e69546a5a87f9e1eb1167
  languageName: node
  linkType: hard

"graceful-fs@npm:^4.1.2, graceful-fs@npm:^4.2.11, graceful-fs@npm:^4.2.4":
  version: 4.2.11
  resolution: "graceful-fs@npm:4.2.11"
  checksum: 8/ac85f94da92d8eb6b7f5a8b20ce65e43d66761c55ce85ac96df6865308390da45a8d3f0296dd3a663de65d30ba497bd46c696cc1e248c72b13d6d567138a4fc7
  languageName: node
  linkType: hard

"has-flag@npm:^4.0.0":
  version: 4.0.0
  resolution: "has-flag@npm:4.0.0"
  checksum: 8/261a1357037ead75e338156b1f9452c016a37dcd3283a972a30d9e4a87441ba372c8b81f818cd0fbcd9c0354b4ae7e18b9e1afa1971164aef6d18c2b6095a8ad
  languageName: node
  linkType: hard

"jest-worker@npm:^27.4.5":
  version: 27.5.1
  resolution: "jest-worker@npm:27.5.1"
  dependencies:
    "@types/node": "npm:*"
    merge-stream: "npm:^2.0.0"
    supports-color: "npm:^8.0.0"
  checksum: 8/98cd68b696781caed61c983a3ee30bf880b5bd021c01d98f47b143d4362b85d0737f8523761e2713d45e18b4f9a2b98af1eaee77afade4111bb65c77d6f7c980
  languageName: node
  linkType: hard

"json-parse-even-better-errors@npm:^2.3.1":
  version: 2.3.1
  resolution: "json-parse-even-better-errors@npm:2.3.1"
  checksum: 8/798ed4cf3354a2d9ccd78e86d2169515a0097a5c133337807cdf7f1fc32e1391d207ccfc276518cc1d7d8d4db93288b8a50ba4293d212ad1336e52a8ec0a941f
  languageName: node
  linkType: hard

"json-schema-traverse@npm:^1.0.0":
  version: 1.0.0
  resolution: "json-schema-traverse@npm:1.0.0"
  checksum: 8/02f2f466cdb0362558b2f1fd5e15cce82ef55d60cd7f8fa828cf35ba74330f8d767fcae5c5c2adb7851fa811766c694b9405810879bc4e1ddd78a7c0e03658ad
  languageName: node
  linkType: hard

"loader-runner@npm:^4.2.0":
  version: 4.3.0
  resolution: "loader-runner@npm:4.3.0"
  checksum: 8/a90e00dee9a16be118ea43fec3192d0b491fe03a32ed48a4132eb61d498f5536a03a1315531c19d284392a8726a4ecad71d82044c28d7f22ef62e029bf761569
  languageName: node
  linkType: hard

"merge-stream@npm:^2.0.0":
  version: 2.0.0
  resolution: "merge-stream@npm:2.0.0"
  checksum: 8/6fa4dcc8d86629705cea944a4b88ef4cb0e07656ebf223fa287443256414283dd25d91c1cd84c77987f2aec5927af1a9db6085757cb43d90eb170ebf4b47f4f4
  languageName: node
  linkType: hard

"mime-db@npm:1.52.0":
  version: 1.52.0
  resolution: "mime-db@npm:1.52.0"
  checksum: 8/0d99a03585f8b39d68182803b12ac601d9c01abfa28ec56204fa330bc9f3d1c5e14beb049bafadb3dbdf646dfb94b87e24d4ec7b31b7279ef906a8ea9b6a513f
  languageName: node
  linkType: hard

"mime-types@npm:^2.1.27":
  version: 2.1.35
  resolution: "mime-types@npm:2.1.35"
  dependencies:
    mime-db: "npm:1.52.0"
  checksum: 8/89a5b7f1def9f3af5dad6496c5ed50191ae4331cc5389d7c521c8ad28d5fdad2d06fd81baf38fed813dc4e46bb55c8145bb0ff406330818c9cf712fb2e9b3836
  languageName: node
  linkType: hard

"neo-async@npm:^2.6.2":
  version: 2.6.2
  resolution: "neo-async@npm:2.6.2"
  checksum: 8/deac9f8d00eda7b2e5cd1b2549e26e10a0faa70adaa6fdadca701cc55f49ee9018e427f424bac0c790b7c7e2d3068db97f3093f1093975f2acb8f8818b936ed9
  languageName: node
  linkType: hard

"node-releases@npm:^2.0.19":
  version: 2.0.19
  resolution: "node-releases@npm:2.0.19"
  checksum: 8/917dbced519f48c6289a44830a0ca6dc944c3ee9243c468ebd8515a41c97c8b2c256edb7f3f750416bc37952cc9608684e6483c7b6c6f39f6bd8d86c52cfe658
  languageName: node
  linkType: hard

"picocolors@npm:^1.1.1":
  version: 1.1.1
  resolution: "picocolors@npm:1.1.1"
  checksum: 8/e1cf46bf84886c79055fdfa9dcb3e4711ad259949e3565154b004b260cd356c5d54b31a1437ce9782624bf766272fe6b0154f5f0c744fb7af5d454d2b60db045
  languageName: node
  linkType: hard

"randombytes@npm:^2.1.0":
  version: 2.1.0
  resolution: "randombytes@npm:2.1.0"
  dependencies:
    safe-buffer: "npm:^5.1.0"
  checksum: 8/d779499376bd4cbb435ef3ab9a957006c8682f343f14089ed5f27764e4645114196e75b7f6abf1cbd84fd247c0cb0651698444df8c9bf30e62120fbbc52269d6
  languageName: node
  linkType: hard

"require-from-string@npm:^2.0.2":
  version: 2.0.2
  resolution: "require-from-string@npm:2.0.2"
  checksum: 8/a03ef6895445f33a4015300c426699bc66b2b044ba7b670aa238610381b56d3f07c686251740d575e22f4c87531ba662d06937508f0f3c0f1ddc04db3130560b
  languageName: node
  linkType: hard

"safe-buffer@npm:^5.1.0":
  version: 5.2.1
  resolution: "safe-buffer@npm:5.2.1"
  checksum: 8/b99c4b41fdd67a6aaf280fcd05e9ffb0813654894223afb78a31f14a19ad220bba8aba1cb14eddce1fcfb037155fe6de4e861784eb434f7d11ed58d1e70dd491
  languageName: node
  linkType: hard

"schema-utils@npm:^4.3.0, schema-utils@npm:^4.3.2":
  version: 4.3.2
  resolution: "schema-utils@npm:4.3.2"
  dependencies:
    "@types/json-schema": "npm:^7.0.9"
    ajv: "npm:^8.9.0"
    ajv-formats: "npm:^2.1.1"
    ajv-keywords: "npm:^5.1.0"
  checksum: 8/d798b341ffa1371f8471629e8861af3aa99e8e15b89da2c0db28c5a80a02ee8c6ffc7daefbe28a2b8c1bc8e3f3e02d028775145d7ab3d9d1a413a9651a835466
  languageName: node
  linkType: hard

"serialize-javascript@npm:^6.0.2":
  version: 6.0.2
  resolution: "serialize-javascript@npm:6.0.2"
  dependencies:
    randombytes: "npm:^2.1.0"
  checksum: 8/c4839c6206c1d143c0f80763997a361310305751171dd95e4b57efee69b8f6edd8960a0b7fbfc45042aadff98b206d55428aee0dc276efe54f100899c7fa8ab7
  languageName: node
  linkType: hard

"source-map-support@npm:~0.5.20":
  version: 0.5.21
  resolution: "source-map-support@npm:0.5.21"
  dependencies:
    buffer-from: "npm:^1.0.0"
    source-map: "npm:^0.6.0"
  checksum: 8/43e98d700d79af1d36f859bdb7318e601dfc918c7ba2e98456118ebc4c4872b327773e5a1df09b0524e9e5063bb18f0934538eace60cca2710d1fa687645d137
  languageName: node
  linkType: hard

"source-map@npm:^0.6.0":
  version: 0.6.1
  resolution: "source-map@npm:0.6.1"
  checksum: 8/59ce8640cf3f3124f64ac289012c2b8bd377c238e316fb323ea22fbfe83da07d81e000071d7242cad7a23cd91c7de98e4df8830ec3f133cb6133a5f6e9f67bc2
  languageName: node
  linkType: hard

"supports-color@npm:^8.0.0":
  version: 8.1.1
  resolution: "supports-color@npm:8.1.1"
  dependencies:
    has-flag: "npm:^4.0.0"
  checksum: 8/c052193a7e43c6cdc741eb7f378df605636e01ad434badf7324f17fb60c69a880d8d8fcdcb562cf94c2350e57b937d7425ab5b8326c67c2adc48f7c87c1db406
  languageName: node
  linkType: hard

"tapable@npm:^2.1.1, tapable@npm:^2.2.0":
  version: 2.2.1
  resolution: "tapable@npm:2.2.1"
  checksum: 8/3b7a1b4d86fa940aad46d9e73d1e8739335efd4c48322cb37d073eb6f80f5281889bf0320c6d8ffcfa1a0dd5bfdbd0f9d037e252ef972aca595330538aac4d51
  languageName: node
  linkType: hard

"terser-webpack-plugin@npm:^5.3.11":
  version: 5.3.14
  resolution: "terser-webpack-plugin@npm:5.3.14"
  dependencies:
    "@jridgewell/trace-mapping": "npm:^0.3.25"
    jest-worker: "npm:^27.4.5"
    schema-utils: "npm:^4.3.0"
    serialize-javascript: "npm:^6.0.2"
    terser: "npm:^5.31.1"
  peerDependencies:
    webpack: ^5.1.0
  peerDependenciesMeta:
    "@swc/core":
      optional: true
    esbuild:
      optional: true
    uglify-js:
      optional: true
  checksum: 8/13a1e67f1675a473b18d25cb0ce65c3f0a19b5e9a93213a99ea61dc4ca996ea93aa17a221965b526f5788d242836a8249ad00538fbb322e25cb69076eb55feab
  languageName: node
  linkType: hard

"terser@npm:^5.31.1":
  version: 5.43.1
  resolution: "terser@npm:5.43.1"
  dependencies:
    "@jridgewell/source-map": "npm:^0.3.3"
    acorn: "npm:^8.14.0"
    commander: "npm:^2.20.0"
    source-map-support: "npm:~0.5.20"
  bin:
    terser: bin/terser
  checksum: 8/1d51747f4540a0842139c2f2617e88d68a26da42d7571cda8955e1bd8febac6e60bc514c258781334e1724aeeccfbd511473eb9d8d831435e4e5fad1ce7f6e8b
  languageName: node
  linkType: hard

"update-browserslist-db@npm:^1.1.3":
  version: 1.1.3
  resolution: "update-browserslist-db@npm:1.1.3"
  dependencies:
    escalade: "npm:^3.2.0"
    picocolors: "npm:^1.1.1"
  peerDependencies:
    browserslist: ">= 4.21.0"
  bin:
    update-browserslist-db: cli.js
  checksum: 8/7b6d8d08c34af25ee435bccac542bedcb9e57c710f3c42421615631a80aa6dd28b0a81c9d2afbef53799d482fb41453f714b8a7a0a8003e3b4ec8fb1abb819af
  languageName: node
  linkType: hard

"watchpack@npm:^2.4.1":
  version: 2.4.4
  resolution: "watchpack@npm:2.4.4"
  dependencies:
    glob-to-regexp: "npm:^0.4.1"
    graceful-fs: "npm:^4.1.2"
  checksum: 8/469514a04bcdd7ea77d4b3c62d1f087eafbce64cbc728c89355d5710ee01311533456122da7c585d3654d5bfcf09e6085db1a6eb274c4762a18e370526d17561
  languageName: node
  linkType: hard

"webpack-sources@npm:^3.3.3":
  version: 3.3.3
  resolution: "webpack-sources@npm:3.3.3"
  checksum: 8/243d438ec4dfe805cca20fa66d111114b1f277b8ecfa95bb6ee0a6c7d996aee682539952028c2b203a6c170e6ef56f71ecf3e366e90bf1cb58b0ae982176b651
  languageName: node
  linkType: hard

"webpack@npm:5.101.3":
  version: 5.101.3
  resolution: "webpack@npm:5.101.3"
  dependencies:
    "@types/eslint-scope": "npm:^3.7.7"
    "@types/estree": "npm:^1.0.8"
    "@types/json-schema": "npm:^7.0.15"
    "@webassemblyjs/ast": "npm:^1.14.1"
    "@webassemblyjs/wasm-edit": "npm:^1.14.1"
    "@webassemblyjs/wasm-parser": "npm:^1.14.1"
    acorn: "npm:^8.15.0"
    acorn-import-phases: "npm:^1.0.3"
    browserslist: "npm:^4.24.0"
    chrome-trace-event: "npm:^1.0.2"
    enhanced-resolve: "npm:^5.17.3"
    es-module-lexer: "npm:^1.2.1"
    eslint-scope: "npm:5.1.1"
    events: "npm:^3.2.0"
    glob-to-regexp: "npm:^0.4.1"
    graceful-fs: "npm:^4.2.11"
    json-parse-even-better-errors: "npm:^2.3.1"
    loader-runner: "npm:^4.2.0"
    mime-types: "npm:^2.1.27"
    neo-async: "npm:^2.6.2"
    schema-utils: "npm:^4.3.2"
    tapable: "npm:^2.1.1"
    terser-webpack-plugin: "npm:^5.3.11"
    watchpack: "npm:^2.4.1"
    webpack-sources: "npm:^3.3.3"
  peerDependenciesMeta:
    webpack-cli:
      optional: true
  bin:
    webpack: bin/webpack.js
  checksum: 10c0/3c204d4f1df0ef2774ae043f62e4db56c11b7a0594e82fbb1fbbaf69893570f3bf08a8b5d2d5a0302ce6346132bf3eb9dbde81e4fab3d68307b2e506d606f064
  languageName: node
  linkType: hard
